<?xml version="1.0" encoding="utf-8"?>
<Project ToolsVersion="4.0" xmlns="http://schemas.microsoft.com/developer/msbuild/2003">
  <ItemGroup>
    <Filter Include="Source Files">
      <UniqueIdentifier>{4FC737F1-C7A5-4376-A066-2A32D752A2FF}</UniqueIdentifier>
      <Extensions>cpp;c;cc;cxx;c++;cppm;ixx;def;odl;idl;hpj;bat;asm;asmx</Extensions>
    </Filter>
    <Filter Include="Header Files">
      <UniqueIdentifier>{93995380-89BD-4b04-88EB-625FBE52EBFB}</UniqueIdentifier>
      <Extensions>h;hh;hpp;hxx;h++;hm;inl;inc;ipp;xsd</Extensions>
    </Filter>
    <Filter Include="Resource Files">
      <UniqueIdentifier>{67DA6AB6-F800-4c08-8B7A-83BB121AAD01}</UniqueIdentifier>
      <Extensions>rc;ico;cur;bmp;dlg;rc2;rct;bin;rgs;gif;jpg;jpeg;jpe;resx;tiff;tif;png;wav;mfcribbon-ms</Extensions>
    </Filter>
  </ItemGroup>
  <ItemGroup>
    <ClInclude Include="src\func_common.h">
      <Filter>Header Files</Filter>
    </ClInclude>
    <ClInclude Include="src\func_matrix.h">
      <Filter>Header Files</Filter>
    </ClInclude>
    <ClInclude Include="src\geometric.h">
      <Filter>Header Files</Filter>
    </ClInclude>
    <ClInclude Include="src\mat2.h">
      <Filter>Header Files</Filter>
    </ClInclude>
    <ClInclude Include="src\mat3.h">
      <Filter>Header Files</Filter>
    </ClInclude>
    <ClInclude Include="src\mat4.h">
      <Filter>Header Files</Filter>
    </ClInclude>
    <ClInclude Include="src\common.h">
      <Filter>Header Files</Filter>
    </ClInclude>
    <ClInclude Include="src\matrix.h">
      <Filter>Header Files</Filter>
    </ClInclude>
    <ClInclude Include="src\matrix_transform.h">
      <Filter>Header Files</Filter>
    </ClInclude>
    <ClInclude Include="src\quat.h">
      <Filter>Header Files</Filter>
    </ClInclude>
    <ClInclude Include="src\trigonometric.h">
      <Filter>Header Files</Filter>
    </ClInclude>
    <ClInclude Include="src\vec.h">
      <Filter>Header Files</Filter>
    </ClInclude>
    <ClInclude Include="src\vec2.h">
      <Filter>Header Files</Filter>
    </ClInclude>
    <ClInclude Include="src\vec3.h">
      <Filter>Header Files</Filter>
    </ClInclude>
    <ClInclude Include="src\vec4.h">
      <Filter>Header Files</Filter>
    </ClInclude>
    <ClInclude Include="src\definitions\vec4.h">
      <Filter>Header Files</Filter>
    </ClInclude>
    <ClInclude Include="src\definitions\_vectorize.h">
      <Filter>Header Files</Filter>
    </ClInclude>
    <ClInclude Include="src\definitions\mat2.h">
      <Filter>Header Files</Filter>
    </ClInclude>
    <ClInclude Include="src\definitions\mat3.h">
      <Filter>Header Files</Filter>
    </ClInclude>
    <ClInclude Include="src\definitions\mat4.h">
      <Filter>Header Files</Filter>
    </ClInclude>
    <ClInclude Include="src\definitions\quat.h">
      <Filter>Header Files</Filter>
    </ClInclude>
    <ClInclude Include="src\definitions\types.h">
      <Filter>Header Files</Filter>
    </ClInclude>
    <ClInclude Include="src\definitions\vec2.h">
      <Filter>Header Files</Filter>
    </ClInclude>
    <ClInclude Include="src\definitions\vec3.h">
      <Filter>Header Files</Filter>
    </ClInclude>
  </ItemGroup>
  <ItemGroup>
    <None Include="src\definitions\mat2.inl">
      <Filter>Header Files</Filter>
    </None>
    <None Include="src\definitions\mat3.inl">
      <Filter>Header Files</Filter>
    </None>
    <None Include="src\definitions\mat4.inl">
      <Filter>Header Files</Filter>
    </None>
    <None Include="src\definitions\quat.inl">
      <Filter>Header Files</Filter>
    </None>
    <None Include="src\definitions\vec2.inl">
      <Filter>Header Files</Filter>
    </None>
    <None Include="src\definitions\vec3.inl">
      <Filter>Header Files</Filter>
    </None>
    <None Include="src\definitions\vec4.inl">
      <Filter>Header Files</Filter>
    </None>
    <None Include="src\definitions\func_common.inl">
      <Filter>Header Files</Filter>
    </None>
    <None Include="src\definitions\func_geometric.inl">
      <Filter>Header Files</Filter>
    </None>
    <None Include="src\definitions\func_matrix.inl">
      <Filter>Header Files</Filter>
    </None>
    <None Include="src\definitions\func_quat.inl">
      <Filter>Header Files</Filter>
    </None>
    <None Include="src\definitions\func_trigonometric.inl">
      <Filter>Header Files</Filter>
    </None>
    <None Include="src\definitions\matrix_transform.inl">
      <Filter>Header Files</Filter>
    </None>
  </ItemGroup>
</Project>